
Microsoft Visual Studio Solution File, Format Version 12.00
# Visual Studio 15
VisualStudioVersion = 15.0.27130.2026
MinimumVisualStudioVersion = 10.0.40219.1
Project("{FAE04EC0-301F-11D3-BF4B-00C04F79EFBC}") = "AlekRuzic_eCommerce", "AlekRuzic_eCommerce\AlekRuzic_eCommerce.csproj", "{899E19C3-FE26-4776-B7FD-C8D94E33E8AB}"
EndProject
Global
	GlobalSection(SolutionConfigurationPlatforms) = preSolution
		Debug|Any CPU = Debug|Any CPU
		Release|Any CPU = Release|Any CPU
	EndGlobalSection
	GlobalSection(ProjectConfigurationPlatforms) = postSolution
		{899E19C3-FE26-4776-B7FD-C8D94E33E8AB}.Debug|Any CPU.ActiveCfg = Debug|Any CPU
		{899E19C3-FE26-4776-B7FD-C8D94E33E8AB}.Debug|Any CPU.Build.0 = Debug|Any CPU
		{899E19C3-FE26-4776-B7FD-C8D94E33E8AB}.Release|Any CPU.ActiveCfg = Release|Any CPU
		{899E19C3-FE26-4776-B7FD-C8D94E33E8AB}.Release|Any CPU.Build.0 = Release|Any CPU
	EndGlobalSection
	GlobalSection(SolutionProperties) = preSolution
		HideSolutionNode = FALSE
	EndGlobalSection
	GlobalSection(ExtensibilityGlobals) = postSolution
		SolutionGuid = {024BAFEB-69D5-494D-8B51-71EE41BF4AC4}
	EndGlobalSection
EndGlobal
